
Microsoft Visual Studio Solution File, Format Version 12.00
# Visual Studio Version 16
VisualStudioVersion = 16.0.31205.134
MinimumVisualStudioVersion = 10.0.40219.1
Project("{2150E333-8FDC-42A3-9474-1A3956D46DE8}") = "Services", "Services", "{4706F0CB-233D-46D9-A289-798BE81EC6BD}"
EndProject
Project("{2150E333-8FDC-42A3-9474-1A3956D46DE8}") = "Catalog", "Catalog", "{B6E10318-6E76-4121-BECD-6D4CCE914680}"
EndProject
Project("{9A19103F-16F7-4668-BE54-9A1E7A4F7556}") = "Catalog.API", "Services\Catalog\Catalog.API\Catalog.API.csproj", "{E6C34B73-E78F-4EF1-AD73-E46FA2D095BF}"
EndProject
Project("{2150E333-8FDC-42A3-9474-1A3956D46DE8}") = "Order", "Order", "{356920BC-D2C8-4AED-BF92-51A3F0CBBE91}"
EndProject
Project("{9A19103F-16F7-4668-BE54-9A1E7A4F7556}") = "OrderAPI", "Services\Order\OrderAPI\OrderAPI.csproj", "{9AAC057F-4FC1-41AE-8685-D95A68323E00}"
EndProject
Project("{9A19103F-16F7-4668-BE54-9A1E7A4F7556}") = "OrderApplication", "Services\Order\OrderApplication\OrderApplication.csproj", "{D2252FFE-BBBA-4CE0-B944-FA6301F41CC8}"
EndProject
Project("{9A19103F-16F7-4668-BE54-9A1E7A4F7556}") = "OrderDomain", "Services\Order\OrderDomain\OrderDomain.csproj", "{25EB707C-B89E-487A-AFFC-3F0488CA5364}"
EndProject
Project("{9A19103F-16F7-4668-BE54-9A1E7A4F7556}") = "OrderInfrastructure", "Services\Order\OrderInfrastructure\OrderInfrastructure.csproj", "{6C6C49BC-F505-4BDB-8796-5DDBB8E63DC2}"
EndProject
Project("{E53339B2-1760-4266-BCC7-CA923CBCF16C}") = "docker-compose", "docker-compose.dcproj", "{735E04F5-06AA-46FD-8DD0-60CFD977D99F}"
EndProject
Project("{2150E333-8FDC-42A3-9474-1A3956D46DE8}") = "Basket", "Basket", "{436AA273-36C4-4FC4-A310-3B576F68BC4C}"
EndProject
Project("{9A19103F-16F7-4668-BE54-9A1E7A4F7556}") = "BasketApi", "Services\Basket\BasketApi\BasketApi.csproj", "{43CC4292-0270-4C37-BF01-B2142CEDF56E}"
EndProject
Project("{2150E333-8FDC-42A3-9474-1A3956D46DE8}") = "BuildingBlocks", "BuildingBlocks", "{984163C2-EFD0-4F46-822F-6450B0E75B88}"
EndProject
Project("{9A19103F-16F7-4668-BE54-9A1E7A4F7556}") = "EventBus.Messages", "BuildingBlocks\EventBus.Messages\EventBus.Messages.csproj", "{E2C59BA0-F771-44E6-A59E-08070CE5C5AB}"
EndProject
Global
	GlobalSection(SolutionConfigurationPlatforms) = preSolution
		Debug|Any CPU = Debug|Any CPU
		Release|Any CPU = Release|Any CPU
	EndGlobalSection
	GlobalSection(ProjectConfigurationPlatforms) = postSolution
		{E6C34B73-E78F-4EF1-AD73-E46FA2D095BF}.Debug|Any CPU.ActiveCfg = Debug|Any CPU
		{E6C34B73-E78F-4EF1-AD73-E46FA2D095BF}.Debug|Any CPU.Build.0 = Debug|Any CPU
		{E6C34B73-E78F-4EF1-AD73-E46FA2D095BF}.Release|Any CPU.ActiveCfg = Release|Any CPU
		{E6C34B73-E78F-4EF1-AD73-E46FA2D095BF}.Release|Any CPU.Build.0 = Release|Any CPU
		{9AAC057F-4FC1-41AE-8685-D95A68323E00}.Debug|Any CPU.ActiveCfg = Debug|Any CPU
		{9AAC057F-4FC1-41AE-8685-D95A68323E00}.Debug|Any CPU.Build.0 = Debug|Any CPU
		{9AAC057F-4FC1-41AE-8685-D95A68323E00}.Release|Any CPU.ActiveCfg = Release|Any CPU
		{9AAC057F-4FC1-41AE-8685-D95A68323E00}.Release|Any CPU.Build.0 = Release|Any CPU
		{D2252FFE-BBBA-4CE0-B944-FA6301F41CC8}.Debug|Any CPU.ActiveCfg = Debug|Any CPU
		{D2252FFE-BBBA-4CE0-B944-FA6301F41CC8}.Debug|Any CPU.Build.0 = Debug|Any CPU
		{D2252FFE-BBBA-4CE0-B944-FA6301F41CC8}.Release|Any CPU.ActiveCfg = Release|Any CPU
		{D2252FFE-BBBA-4CE0-B944-FA6301F41CC8}.Release|Any CPU.Build.0 = Release|Any CPU
		{25EB707C-B89E-487A-AFFC-3F0488CA5364}.Debug|Any CPU.ActiveCfg = Debug|Any CPU
		{25EB707C-B89E-487A-AFFC-3F0488CA5364}.Debug|Any CPU.Build.0 = Debug|Any CPU
		{25EB707C-B89E-487A-AFFC-3F0488CA5364}.Release|Any CPU.ActiveCfg = Release|Any CPU
		{25EB707C-B89E-487A-AFFC-3F0488CA5364}.Release|Any CPU.Build.0 = Release|Any CPU
		{6C6C49BC-F505-4BDB-8796-5DDBB8E63DC2}.Debug|Any CPU.ActiveCfg = Debug|Any CPU
		{6C6C49BC-F505-4BDB-8796-5DDBB8E63DC2}.Debug|Any CPU.Build.0 = Debug|Any CPU
		{6C6C49BC-F505-4BDB-8796-5DDBB8E63DC2}.Release|Any CPU.ActiveCfg = Release|Any CPU
		{6C6C49BC-F505-4BDB-8796-5DDBB8E63DC2}.Release|Any CPU.Build.0 = Release|Any CPU
		{735E04F5-06AA-46FD-8DD0-60CFD977D99F}.Debug|Any CPU.ActiveCfg = Debug|Any CPU
		{735E04F5-06AA-46FD-8DD0-60CFD977D99F}.Debug|Any CPU.Build.0 = Debug|Any CPU
		{735E04F5-06AA-46FD-8DD0-60CFD977D99F}.Release|Any CPU.ActiveCfg = Release|Any CPU
		{735E04F5-06AA-46FD-8DD0-60CFD977D99F}.Release|Any CPU.Build.0 = Release|Any CPU
		{43CC4292-0270-4C37-BF01-B2142CEDF56E}.Debug|Any CPU.ActiveCfg = Debug|Any CPU
		{43CC4292-0270-4C37-BF01-B2142CEDF56E}.Debug|Any CPU.Build.0 = Debug|Any CPU
		{43CC4292-0270-4C37-BF01-B2142CEDF56E}.Release|Any CPU.ActiveCfg = Release|Any CPU
		{43CC4292-0270-4C37-BF01-B2142CEDF56E}.Release|Any CPU.Build.0 = Release|Any CPU
		{E2C59BA0-F771-44E6-A59E-08070CE5C5AB}.Debug|Any CPU.ActiveCfg = Debug|Any CPU
		{E2C59BA0-F771-44E6-A59E-08070CE5C5AB}.Debug|Any CPU.Build.0 = Debug|Any CPU
		{E2C59BA0-F771-44E6-A59E-08070CE5C5AB}.Release|Any CPU.ActiveCfg = Release|Any CPU
		{E2C59BA0-F771-44E6-A59E-08070CE5C5AB}.Release|Any CPU.Build.0 = Release|Any CPU
	EndGlobalSection
	GlobalSection(SolutionProperties) = preSolution
		HideSolutionNode = FALSE
	EndGlobalSection
	GlobalSection(NestedProjects) = preSolution
		{B6E10318-6E76-4121-BECD-6D4CCE914680} = {4706F0CB-233D-46D9-A289-798BE81EC6BD}
		{E6C34B73-E78F-4EF1-AD73-E46FA2D095BF} = {B6E10318-6E76-4121-BECD-6D4CCE914680}
		{356920BC-D2C8-4AED-BF92-51A3F0CBBE91} = {4706F0CB-233D-46D9-A289-798BE81EC6BD}
		{9AAC057F-4FC1-41AE-8685-D95A68323E00} = {356920BC-D2C8-4AED-BF92-51A3F0CBBE91}
		{D2252FFE-BBBA-4CE0-B944-FA6301F41CC8} = {356920BC-D2C8-4AED-BF92-51A3F0CBBE91}
		{25EB707C-B89E-487A-AFFC-3F0488CA5364} = {356920BC-D2C8-4AED-BF92-51A3F0CBBE91}
		{6C6C49BC-F505-4BDB-8796-5DDBB8E63DC2} = {356920BC-D2C8-4AED-BF92-51A3F0CBBE91}
		{436AA273-36C4-4FC4-A310-3B576F68BC4C} = {4706F0CB-233D-46D9-A289-798BE81EC6BD}
		{43CC4292-0270-4C37-BF01-B2142CEDF56E} = {436AA273-36C4-4FC4-A310-3B576F68BC4C}
		{E2C59BA0-F771-44E6-A59E-08070CE5C5AB} = {984163C2-EFD0-4F46-822F-6450B0E75B88}
	EndGlobalSection
	GlobalSection(ExtensibilityGlobals) = postSolution
		SolutionGuid = {6781E6FC-2120-42EF-855B-6BD600630F8C}
	EndGlobalSection
EndGlobal
