
Microsoft Visual Studio Solution File, Format Version 12.00
# Visual Studio Version 16
VisualStudioVersion = 16.0.31205.134
MinimumVisualStudioVersion = 10.0.40219.1
Project("{2150E333-8FDC-42A3-9474-1A3956D46DE8}") = "Services", "Services", "{4706F0CB-233D-46D9-A289-798BE81EC6BD}"
EndProject
Project("{2150E333-8FDC-42A3-9474-1A3956D46DE8}") = "Catalog", "Catalog", "{B6E10318-6E76-4121-BECD-6D4CCE914680}"
EndProject
Project("{9A19103F-16F7-4668-BE54-9A1E7A4F7556}") = "Catalog.API", "Services\Catalog\Catalog.API\Catalog.API.csproj", "{E6C34B73-E78F-4EF1-AD73-E46FA2D095BF}"
EndProject
Project("{E53339B2-1760-4266-BCC7-CA923CBCF16C}") = "docker-compose", "docker-compose.dcproj", "{9B276AE0-4777-41DE-9F65-A608398B8590}"
EndProject
Project("{2150E333-8FDC-42A3-9474-1A3956D46DE8}") = "Basket", "Basket", "{ADA2BE5C-919F-4539-82C8-69DDAFA7FBB9}"
EndProject
Project("{9A19103F-16F7-4668-BE54-9A1E7A4F7556}") = "Basket.API", "Services\Basket\Basket.API\Basket.API.csproj", "{8ADA1B43-E114-4F10-89AF-E6C8A66AB7BA}"
EndProject
Project("{2150E333-8FDC-42A3-9474-1A3956D46DE8}") = "Discount", "Discount", "{B4FFCAAD-C063-409D-A679-AA125B7C6F48}"
EndProject
Project("{9A19103F-16F7-4668-BE54-9A1E7A4F7556}") = "Discount.Grpc", "Services\Discount\Discount.Grpc\Discount.Grpc.csproj", "{F17B9AB8-7D5D-40E9-89AC-34F9A3016D6E}"
EndProject
Project("{9A19103F-16F7-4668-BE54-9A1E7A4F7556}") = "Discount.API", "Services\Discount\Discount.API\Discount.API.csproj", "{AAA17D60-E56E-4B47-A6D5-5D2058D14F90}"
EndProject
Project("{2150E333-8FDC-42A3-9474-1A3956D46DE8}") = "Ordering", "Ordering", "{257C2F27-25A1-4A33-8AE9-998B7F1A1C63}"
EndProject
Project("{9A19103F-16F7-4668-BE54-9A1E7A4F7556}") = "Ordering.API", "Services\Ordering\Ordering.API\Ordering.API.csproj", "{085F9788-2456-44B2-AFD5-3340217699E9}"
EndProject
Project("{9A19103F-16F7-4668-BE54-9A1E7A4F7556}") = "Ordering.Domain", "Services\Ordering\Ordering.Domain\Ordering.Domain.csproj", "{0401EA42-E723-4BD1-A7FB-9A371512A923}"
EndProject
Project("{9A19103F-16F7-4668-BE54-9A1E7A4F7556}") = "Ordering.Infrastructure", "Services\Ordering\Ordering.Infrastructure\Ordering.Infrastructure.csproj", "{585DA6BC-6093-4A99-94A4-C07F9B74E827}"
EndProject
Project("{9A19103F-16F7-4668-BE54-9A1E7A4F7556}") = "Ordering.Application", "Services\Ordering\Ordering.Application\Ordering.Application.csproj", "{89BEDC86-0ED4-4867-9624-37C8EF6C45D7}"
EndProject
Project("{2150E333-8FDC-42A3-9474-1A3956D46DE8}") = "BuildingBlocks", "BuildingBlocks", "{A642F36D-50CD-46B6-96E8-327B71056922}"
EndProject
Project("{9A19103F-16F7-4668-BE54-9A1E7A4F7556}") = "EventBus.Messages", "BuildingBlocks\EventBus.Messages\EventBus.Messages.csproj", "{AEC87CDC-8E08-41BD-9D69-868C88E503B7}"
EndProject
Project("{2150E333-8FDC-42A3-9474-1A3956D46DE8}") = "ApiGateways", "ApiGateways", "{5CAB69AF-48F7-40C8-B1BC-D04DB2A8D9B2}"
EndProject
Project("{9A19103F-16F7-4668-BE54-9A1E7A4F7556}") = "OcelotApiGw", "ApiGateways\OcelotApiGw\OcelotApiGw.csproj", "{2CC11A8D-09AD-446F-84C5-F07EC32A56B9}"
EndProject
Project("{FAE04EC0-301F-11D3-BF4B-00C04F79EFBC}") = "Shopping.Aggregator", "ApiGateways\Shopping.Aggregator\Shopping.Aggregator.csproj", "{F9DFCBFF-BC1C-4BD8-9BF1-9B25ED179C33}"
EndProject
Global
	GlobalSection(SolutionConfigurationPlatforms) = preSolution
		Debug|Any CPU = Debug|Any CPU
		Release|Any CPU = Release|Any CPU
	EndGlobalSection
	GlobalSection(ProjectConfigurationPlatforms) = postSolution
		{E6C34B73-E78F-4EF1-AD73-E46FA2D095BF}.Debug|Any CPU.ActiveCfg = Debug|Any CPU
		{E6C34B73-E78F-4EF1-AD73-E46FA2D095BF}.Debug|Any CPU.Build.0 = Debug|Any CPU
		{E6C34B73-E78F-4EF1-AD73-E46FA2D095BF}.Release|Any CPU.ActiveCfg = Release|Any CPU
		{E6C34B73-E78F-4EF1-AD73-E46FA2D095BF}.Release|Any CPU.Build.0 = Release|Any CPU
		{9B276AE0-4777-41DE-9F65-A608398B8590}.Debug|Any CPU.ActiveCfg = Debug|Any CPU
		{9B276AE0-4777-41DE-9F65-A608398B8590}.Debug|Any CPU.Build.0 = Debug|Any CPU
		{9B276AE0-4777-41DE-9F65-A608398B8590}.Release|Any CPU.ActiveCfg = Release|Any CPU
		{9B276AE0-4777-41DE-9F65-A608398B8590}.Release|Any CPU.Build.0 = Release|Any CPU
		{8ADA1B43-E114-4F10-89AF-E6C8A66AB7BA}.Debug|Any CPU.ActiveCfg = Debug|Any CPU
		{8ADA1B43-E114-4F10-89AF-E6C8A66AB7BA}.Debug|Any CPU.Build.0 = Debug|Any CPU
		{8ADA1B43-E114-4F10-89AF-E6C8A66AB7BA}.Release|Any CPU.ActiveCfg = Release|Any CPU
		{8ADA1B43-E114-4F10-89AF-E6C8A66AB7BA}.Release|Any CPU.Build.0 = Release|Any CPU
		{F17B9AB8-7D5D-40E9-89AC-34F9A3016D6E}.Debug|Any CPU.ActiveCfg = Debug|Any CPU
		{F17B9AB8-7D5D-40E9-89AC-34F9A3016D6E}.Debug|Any CPU.Build.0 = Debug|Any CPU
		{F17B9AB8-7D5D-40E9-89AC-34F9A3016D6E}.Release|Any CPU.ActiveCfg = Release|Any CPU
		{F17B9AB8-7D5D-40E9-89AC-34F9A3016D6E}.Release|Any CPU.Build.0 = Release|Any CPU
		{AAA17D60-E56E-4B47-A6D5-5D2058D14F90}.Debug|Any CPU.ActiveCfg = Debug|Any CPU
		{AAA17D60-E56E-4B47-A6D5-5D2058D14F90}.Debug|Any CPU.Build.0 = Debug|Any CPU
		{AAA17D60-E56E-4B47-A6D5-5D2058D14F90}.Release|Any CPU.ActiveCfg = Release|Any CPU
		{AAA17D60-E56E-4B47-A6D5-5D2058D14F90}.Release|Any CPU.Build.0 = Release|Any CPU
		{085F9788-2456-44B2-AFD5-3340217699E9}.Debug|Any CPU.ActiveCfg = Debug|Any CPU
		{085F9788-2456-44B2-AFD5-3340217699E9}.Debug|Any CPU.Build.0 = Debug|Any CPU
		{085F9788-2456-44B2-AFD5-3340217699E9}.Release|Any CPU.ActiveCfg = Release|Any CPU
		{085F9788-2456-44B2-AFD5-3340217699E9}.Release|Any CPU.Build.0 = Release|Any CPU
		{0401EA42-E723-4BD1-A7FB-9A371512A923}.Debug|Any CPU.ActiveCfg = Debug|Any CPU
		{0401EA42-E723-4BD1-A7FB-9A371512A923}.Debug|Any CPU.Build.0 = Debug|Any CPU
		{0401EA42-E723-4BD1-A7FB-9A371512A923}.Release|Any CPU.ActiveCfg = Release|Any CPU
		{0401EA42-E723-4BD1-A7FB-9A371512A923}.Release|Any CPU.Build.0 = Release|Any CPU
		{585DA6BC-6093-4A99-94A4-C07F9B74E827}.Debug|Any CPU.ActiveCfg = Debug|Any CPU
		{585DA6BC-6093-4A99-94A4-C07F9B74E827}.Debug|Any CPU.Build.0 = Debug|Any CPU
		{585DA6BC-6093-4A99-94A4-C07F9B74E827}.Release|Any CPU.ActiveCfg = Release|Any CPU
		{585DA6BC-6093-4A99-94A4-C07F9B74E827}.Release|Any CPU.Build.0 = Release|Any CPU
		{89BEDC86-0ED4-4867-9624-37C8EF6C45D7}.Debug|Any CPU.ActiveCfg = Debug|Any CPU
		{89BEDC86-0ED4-4867-9624-37C8EF6C45D7}.Debug|Any CPU.Build.0 = Debug|Any CPU
		{89BEDC86-0ED4-4867-9624-37C8EF6C45D7}.Release|Any CPU.ActiveCfg = Release|Any CPU
		{89BEDC86-0ED4-4867-9624-37C8EF6C45D7}.Release|Any CPU.Build.0 = Release|Any CPU
		{AEC87CDC-8E08-41BD-9D69-868C88E503B7}.Debug|Any CPU.ActiveCfg = Debug|Any CPU
		{AEC87CDC-8E08-41BD-9D69-868C88E503B7}.Debug|Any CPU.Build.0 = Debug|Any CPU
		{AEC87CDC-8E08-41BD-9D69-868C88E503B7}.Release|Any CPU.ActiveCfg = Release|Any CPU
		{AEC87CDC-8E08-41BD-9D69-868C88E503B7}.Release|Any CPU.Build.0 = Release|Any CPU
		{2CC11A8D-09AD-446F-84C5-F07EC32A56B9}.Debug|Any CPU.ActiveCfg = Debug|Any CPU
		{2CC11A8D-09AD-446F-84C5-F07EC32A56B9}.Debug|Any CPU.Build.0 = Debug|Any CPU
		{2CC11A8D-09AD-446F-84C5-F07EC32A56B9}.Release|Any CPU.ActiveCfg = Release|Any CPU
		{2CC11A8D-09AD-446F-84C5-F07EC32A56B9}.Release|Any CPU.Build.0 = Release|Any CPU
		{F9DFCBFF-BC1C-4BD8-9BF1-9B25ED179C33}.Debug|Any CPU.ActiveCfg = Debug|Any CPU
		{F9DFCBFF-BC1C-4BD8-9BF1-9B25ED179C33}.Debug|Any CPU.Build.0 = Debug|Any CPU
		{F9DFCBFF-BC1C-4BD8-9BF1-9B25ED179C33}.Release|Any CPU.ActiveCfg = Release|Any CPU
		{F9DFCBFF-BC1C-4BD8-9BF1-9B25ED179C33}.Release|Any CPU.Build.0 = Release|Any CPU
	EndGlobalSection
	GlobalSection(SolutionProperties) = preSolution
		HideSolutionNode = FALSE
	EndGlobalSection
	GlobalSection(NestedProjects) = preSolution
		{B6E10318-6E76-4121-BECD-6D4CCE914680} = {4706F0CB-233D-46D9-A289-798BE81EC6BD}
		{E6C34B73-E78F-4EF1-AD73-E46FA2D095BF} = {B6E10318-6E76-4121-BECD-6D4CCE914680}
		{ADA2BE5C-919F-4539-82C8-69DDAFA7FBB9} = {4706F0CB-233D-46D9-A289-798BE81EC6BD}
		{8ADA1B43-E114-4F10-89AF-E6C8A66AB7BA} = {ADA2BE5C-919F-4539-82C8-69DDAFA7FBB9}
		{B4FFCAAD-C063-409D-A679-AA125B7C6F48} = {4706F0CB-233D-46D9-A289-798BE81EC6BD}
		{F17B9AB8-7D5D-40E9-89AC-34F9A3016D6E} = {B4FFCAAD-C063-409D-A679-AA125B7C6F48}
		{AAA17D60-E56E-4B47-A6D5-5D2058D14F90} = {B4FFCAAD-C063-409D-A679-AA125B7C6F48}
		{257C2F27-25A1-4A33-8AE9-998B7F1A1C63} = {4706F0CB-233D-46D9-A289-798BE81EC6BD}
		{085F9788-2456-44B2-AFD5-3340217699E9} = {257C2F27-25A1-4A33-8AE9-998B7F1A1C63}
		{0401EA42-E723-4BD1-A7FB-9A371512A923} = {257C2F27-25A1-4A33-8AE9-998B7F1A1C63}
		{585DA6BC-6093-4A99-94A4-C07F9B74E827} = {257C2F27-25A1-4A33-8AE9-998B7F1A1C63}
		{89BEDC86-0ED4-4867-9624-37C8EF6C45D7} = {257C2F27-25A1-4A33-8AE9-998B7F1A1C63}
		{AEC87CDC-8E08-41BD-9D69-868C88E503B7} = {A642F36D-50CD-46B6-96E8-327B71056922}
		{2CC11A8D-09AD-446F-84C5-F07EC32A56B9} = {5CAB69AF-48F7-40C8-B1BC-D04DB2A8D9B2}
		{F9DFCBFF-BC1C-4BD8-9BF1-9B25ED179C33} = {5CAB69AF-48F7-40C8-B1BC-D04DB2A8D9B2}
	EndGlobalSection
	GlobalSection(ExtensibilityGlobals) = postSolution
		SolutionGuid = {6781E6FC-2120-42EF-855B-6BD600630F8C}
	EndGlobalSection
EndGlobal
