
Microsoft Visual Studio Solution File, Format Version 12.00
# Visual Studio Version 16
VisualStudioVersion = 16.0.31205.134
MinimumVisualStudioVersion = 10.0.40219.1
Project("{2150E333-8FDC-42A3-9474-1A3956D46DE8}") = "Services", "Services", "{4706F0CB-233D-46D9-A289-798BE81EC6BD}"
EndProject
Project("{2150E333-8FDC-42A3-9474-1A3956D46DE8}") = "Catalog", "Catalog", "{B6E10318-6E76-4121-BECD-6D4CCE914680}"
EndProject
Project("{9A19103F-16F7-4668-BE54-9A1E7A4F7556}") = "Catalog.API", "Services\Catalog\Catalog.API\Catalog.API.csproj", "{E6C34B73-E78F-4EF1-AD73-E46FA2D095BF}"
EndProject
Project("{E53339B2-1760-4266-BCC7-CA923CBCF16C}") = "docker-compose", "docker-compose.dcproj", "{9B276AE0-4777-41DE-9F65-A608398B8590}"
EndProject
Project("{2150E333-8FDC-42A3-9474-1A3956D46DE8}") = "Basket", "Basket", "{ADA2BE5C-919F-4539-82C8-69DDAFA7FBB9}"
EndProject
Project("{9A19103F-16F7-4668-BE54-9A1E7A4F7556}") = "Basket.API", "Services\Basket\Basket.API\Basket.API.csproj", "{8ADA1B43-E114-4F10-89AF-E6C8A66AB7BA}"
EndProject
Project("{2150E333-8FDC-42A3-9474-1A3956D46DE8}") = "Discount", "Discount", "{B4FFCAAD-C063-409D-A679-AA125B7C6F48}"
EndProject
Project("{FAE04EC0-301F-11D3-BF4B-00C04F79EFBC}") = "Discount.API", "Services\Discount\Discount.API\Discount.API.csproj", "{EC82916A-1CBB-4277-89F4-EFCC6DCF3EF5}"
EndProject
Global
	GlobalSection(SolutionConfigurationPlatforms) = preSolution
		Debug|Any CPU = Debug|Any CPU
		Release|Any CPU = Release|Any CPU
	EndGlobalSection
	GlobalSection(ProjectConfigurationPlatforms) = postSolution
		{E6C34B73-E78F-4EF1-AD73-E46FA2D095BF}.Debug|Any CPU.ActiveCfg = Debug|Any CPU
		{E6C34B73-E78F-4EF1-AD73-E46FA2D095BF}.Debug|Any CPU.Build.0 = Debug|Any CPU
		{E6C34B73-E78F-4EF1-AD73-E46FA2D095BF}.Release|Any CPU.ActiveCfg = Release|Any CPU
		{E6C34B73-E78F-4EF1-AD73-E46FA2D095BF}.Release|Any CPU.Build.0 = Release|Any CPU
		{9B276AE0-4777-41DE-9F65-A608398B8590}.Debug|Any CPU.ActiveCfg = Debug|Any CPU
		{9B276AE0-4777-41DE-9F65-A608398B8590}.Debug|Any CPU.Build.0 = Debug|Any CPU
		{9B276AE0-4777-41DE-9F65-A608398B8590}.Release|Any CPU.ActiveCfg = Release|Any CPU
		{9B276AE0-4777-41DE-9F65-A608398B8590}.Release|Any CPU.Build.0 = Release|Any CPU
		{8ADA1B43-E114-4F10-89AF-E6C8A66AB7BA}.Debug|Any CPU.ActiveCfg = Debug|Any CPU
		{8ADA1B43-E114-4F10-89AF-E6C8A66AB7BA}.Debug|Any CPU.Build.0 = Debug|Any CPU
		{8ADA1B43-E114-4F10-89AF-E6C8A66AB7BA}.Release|Any CPU.ActiveCfg = Release|Any CPU
		{8ADA1B43-E114-4F10-89AF-E6C8A66AB7BA}.Release|Any CPU.Build.0 = Release|Any CPU
		{EC82916A-1CBB-4277-89F4-EFCC6DCF3EF5}.Debug|Any CPU.ActiveCfg = Debug|Any CPU
		{EC82916A-1CBB-4277-89F4-EFCC6DCF3EF5}.Debug|Any CPU.Build.0 = Debug|Any CPU
		{EC82916A-1CBB-4277-89F4-EFCC6DCF3EF5}.Release|Any CPU.ActiveCfg = Release|Any CPU
		{EC82916A-1CBB-4277-89F4-EFCC6DCF3EF5}.Release|Any CPU.Build.0 = Release|Any CPU
	EndGlobalSection
	GlobalSection(SolutionProperties) = preSolution
		HideSolutionNode = FALSE
	EndGlobalSection
	GlobalSection(NestedProjects) = preSolution
		{B6E10318-6E76-4121-BECD-6D4CCE914680} = {4706F0CB-233D-46D9-A289-798BE81EC6BD}
		{E6C34B73-E78F-4EF1-AD73-E46FA2D095BF} = {B6E10318-6E76-4121-BECD-6D4CCE914680}
		{ADA2BE5C-919F-4539-82C8-69DDAFA7FBB9} = {4706F0CB-233D-46D9-A289-798BE81EC6BD}
		{8ADA1B43-E114-4F10-89AF-E6C8A66AB7BA} = {ADA2BE5C-919F-4539-82C8-69DDAFA7FBB9}
		{B4FFCAAD-C063-409D-A679-AA125B7C6F48} = {4706F0CB-233D-46D9-A289-798BE81EC6BD}
		{EC82916A-1CBB-4277-89F4-EFCC6DCF3EF5} = {B4FFCAAD-C063-409D-A679-AA125B7C6F48}
	EndGlobalSection
	GlobalSection(ExtensibilityGlobals) = postSolution
		SolutionGuid = {6781E6FC-2120-42EF-855B-6BD600630F8C}
	EndGlobalSection
EndGlobal
